
Microsoft Visual Studio Solution File, Format Version 12.00
# Visual Studio Version 16
VisualStudioVersion = 16.0.31321.278
MinimumVisualStudioVersion = 10.0.40219.1
Project("{2150E333-8FDC-42A3-9474-1A3956D46DE8}") = "1 - Presentation", "1 - Presentation", "{E193C6A9-AAEC-42E5-8B64-01A49A32B584}"
EndProject
Project("{2150E333-8FDC-42A3-9474-1A3956D46DE8}") = "2 - Domain", "2 - Domain", "{4B1E1FBC-ADCB-4406-A65C-73CF2564B8F3}"
EndProject
Project("{2150E333-8FDC-42A3-9474-1A3956D46DE8}") = "3 - Data", "3 - Data", "{5E42E401-E868-4F06-8D76-C444CE8FF76A}"
EndProject
Project("{FAE04EC0-301F-11D3-BF4B-00C04F79EFBC}") = "Cache.Redis.Api", "Cache.Redis.Api\Cache.Redis.Api.csproj", "{4B50120E-2B74-4286-83EB-FDA4AEC71FD1}"
EndProject
Project("{FAE04EC0-301F-11D3-BF4B-00C04F79EFBC}") = "Cache.Redis.Domain", "Cache.Redis.Domain\Cache.Redis.Domain.csproj", "{54D2B7F2-89F1-4FC0-A54B-7A63C232E13D}"
EndProject
Project("{FAE04EC0-301F-11D3-BF4B-00C04F79EFBC}") = "Cache.Redis.Data", "Cache.Redis.Data\Cache.Redis.Data.csproj", "{F27E7203-083F-4587-BA49-AA57C34A5EF4}"
EndProject
Project("{E53339B2-1760-4266-BCC7-CA923CBCF16C}") = "docker-compose", "docker-compose.dcproj", "{77879F23-A64A-4F6D-87FC-094DDB57423F}"
EndProject
Global
	GlobalSection(SolutionConfigurationPlatforms) = preSolution
		Debug|Any CPU = Debug|Any CPU
		Release|Any CPU = Release|Any CPU
	EndGlobalSection
	GlobalSection(ProjectConfigurationPlatforms) = postSolution
		{4B50120E-2B74-4286-83EB-FDA4AEC71FD1}.Debug|Any CPU.ActiveCfg = Debug|Any CPU
		{4B50120E-2B74-4286-83EB-FDA4AEC71FD1}.Debug|Any CPU.Build.0 = Debug|Any CPU
		{4B50120E-2B74-4286-83EB-FDA4AEC71FD1}.Release|Any CPU.ActiveCfg = Release|Any CPU
		{4B50120E-2B74-4286-83EB-FDA4AEC71FD1}.Release|Any CPU.Build.0 = Release|Any CPU
		{54D2B7F2-89F1-4FC0-A54B-7A63C232E13D}.Debug|Any CPU.ActiveCfg = Debug|Any CPU
		{54D2B7F2-89F1-4FC0-A54B-7A63C232E13D}.Debug|Any CPU.Build.0 = Debug|Any CPU
		{54D2B7F2-89F1-4FC0-A54B-7A63C232E13D}.Release|Any CPU.ActiveCfg = Release|Any CPU
		{54D2B7F2-89F1-4FC0-A54B-7A63C232E13D}.Release|Any CPU.Build.0 = Release|Any CPU
		{F27E7203-083F-4587-BA49-AA57C34A5EF4}.Debug|Any CPU.ActiveCfg = Debug|Any CPU
		{F27E7203-083F-4587-BA49-AA57C34A5EF4}.Debug|Any CPU.Build.0 = Debug|Any CPU
		{F27E7203-083F-4587-BA49-AA57C34A5EF4}.Release|Any CPU.ActiveCfg = Release|Any CPU
		{F27E7203-083F-4587-BA49-AA57C34A5EF4}.Release|Any CPU.Build.0 = Release|Any CPU
		{77879F23-A64A-4F6D-87FC-094DDB57423F}.Debug|Any CPU.ActiveCfg = Debug|Any CPU
		{77879F23-A64A-4F6D-87FC-094DDB57423F}.Debug|Any CPU.Build.0 = Debug|Any CPU
		{77879F23-A64A-4F6D-87FC-094DDB57423F}.Release|Any CPU.ActiveCfg = Release|Any CPU
		{77879F23-A64A-4F6D-87FC-094DDB57423F}.Release|Any CPU.Build.0 = Release|Any CPU
	EndGlobalSection
	GlobalSection(SolutionProperties) = preSolution
		HideSolutionNode = FALSE
	EndGlobalSection
	GlobalSection(NestedProjects) = preSolution
		{4B50120E-2B74-4286-83EB-FDA4AEC71FD1} = {E193C6A9-AAEC-42E5-8B64-01A49A32B584}
		{54D2B7F2-89F1-4FC0-A54B-7A63C232E13D} = {4B1E1FBC-ADCB-4406-A65C-73CF2564B8F3}
		{F27E7203-083F-4587-BA49-AA57C34A5EF4} = {5E42E401-E868-4F06-8D76-C444CE8FF76A}
	EndGlobalSection
	GlobalSection(ExtensibilityGlobals) = postSolution
		SolutionGuid = {DD245D1C-5C2C-4D02-BBDB-AD359E5369BA}
	EndGlobalSection
EndGlobal
